
Microsoft Visual Studio Solution File, Format Version 12.00
# Visual Studio 14
VisualStudioVersion = 14.0.25420.1
MinimumVisualStudioVersion = 10.0.40219.1
Project("{8BC9CEB8-8B4A-11D0-8D11-00A0C91BC942}") = "1551020_Week01", "1551020_Week01\1551020_Week01.vcxproj", "{95B9102A-030C-42E1-BE42-F5100F404C54}"
EndProject
Project("{8BC9CEB8-8B4A-11D0-8D11-00A0C91BC942}") = "Ex01", "Ex01\Ex01.vcxproj", "{ABCB5D71-D01F-4777-9507-441C4C5F972D}"
EndProject
Project("{8BC9CEB8-8B4A-11D0-8D11-00A0C91BC942}") = "Ex02", "Ex02\Ex02.vcxproj", "{F0B7FAE4-E05E-4D8C-A33D-192B30EACB0D}"
EndProject
Project("{8BC9CEB8-8B4A-11D0-8D11-00A0C91BC942}") = "ex03", "ex03\ex03.vcxproj", "{4438DEEB-6340-4AFE-9286-EC8A7AFE6EB9}"
EndProject
Project("{8BC9CEB8-8B4A-11D0-8D11-00A0C91BC942}") = "Ex04", "Ex04\Ex04.vcxproj", "{8D649081-6073-4650-BFAB-87DCAA5EC007}"
EndProject
Project("{8BC9CEB8-8B4A-11D0-8D11-00A0C91BC942}") = "Ex05", "Ex05\Ex05.vcxproj", "{96B62B63-D355-4F18-9256-3DA239269F4C}"
EndProject
Project("{8BC9CEB8-8B4A-11D0-8D11-00A0C91BC942}") = "ex06", "ex06\ex06.vcxproj", "{DC200EF0-ABB0-4CD1-B888-6B7128D12997}"
EndProject
Global
	GlobalSection(SolutionConfigurationPlatforms) = preSolution
		Debug|x64 = Debug|x64
		Debug|x86 = Debug|x86
		Release|x64 = Release|x64
		Release|x86 = Release|x86
	EndGlobalSection
	GlobalSection(ProjectConfigurationPlatforms) = postSolution
		{95B9102A-030C-42E1-BE42-F5100F404C54}.Debug|x64.ActiveCfg = Debug|x64
		{95B9102A-030C-42E1-BE42-F5100F404C54}.Debug|x64.Build.0 = Debug|x64
		{95B9102A-030C-42E1-BE42-F5100F404C54}.Debug|x86.ActiveCfg = Debug|Win32
		{95B9102A-030C-42E1-BE42-F5100F404C54}.Debug|x86.Build.0 = Debug|Win32
		{95B9102A-030C-42E1-BE42-F5100F404C54}.Release|x64.ActiveCfg = Release|x64
		{95B9102A-030C-42E1-BE42-F5100F404C54}.Release|x64.Build.0 = Release|x64
		{95B9102A-030C-42E1-BE42-F5100F404C54}.Release|x86.ActiveCfg = Release|Win32
		{95B9102A-030C-42E1-BE42-F5100F404C54}.Release|x86.Build.0 = Release|Win32
		{ABCB5D71-D01F-4777-9507-441C4C5F972D}.Debug|x64.ActiveCfg = Debug|x64
		{ABCB5D71-D01F-4777-9507-441C4C5F972D}.Debug|x64.Build.0 = Debug|x64
		{ABCB5D71-D01F-4777-9507-441C4C5F972D}.Debug|x86.ActiveCfg = Debug|Win32
		{ABCB5D71-D01F-4777-9507-441C4C5F972D}.Debug|x86.Build.0 = Debug|Win32
		{ABCB5D71-D01F-4777-9507-441C4C5F972D}.Release|x64.ActiveCfg = Release|x64
		{ABCB5D71-D01F-4777-9507-441C4C5F972D}.Release|x64.Build.0 = Release|x64
		{ABCB5D71-D01F-4777-9507-441C4C5F972D}.Release|x86.ActiveCfg = Release|Win32
		{ABCB5D71-D01F-4777-9507-441C4C5F972D}.Release|x86.Build.0 = Release|Win32
		{F0B7FAE4-E05E-4D8C-A33D-192B30EACB0D}.Debug|x64.ActiveCfg = Debug|x64
		{F0B7FAE4-E05E-4D8C-A33D-192B30EACB0D}.Debug|x64.Build.0 = Debug|x64
		{F0B7FAE4-E05E-4D8C-A33D-192B30EACB0D}.Debug|x86.ActiveCfg = Debug|Win32
		{F0B7FAE4-E05E-4D8C-A33D-192B30EACB0D}.Debug|x86.Build.0 = Debug|Win32
		{F0B7FAE4-E05E-4D8C-A33D-192B30EACB0D}.Release|x64.ActiveCfg = Release|x64
		{F0B7FAE4-E05E-4D8C-A33D-192B30EACB0D}.Release|x64.Build.0 = Release|x64
		{F0B7FAE4-E05E-4D8C-A33D-192B30EACB0D}.Release|x86.ActiveCfg = Release|Win32
		{F0B7FAE4-E05E-4D8C-A33D-192B30EACB0D}.Release|x86.Build.0 = Release|Win32
		{4438DEEB-6340-4AFE-9286-EC8A7AFE6EB9}.Debug|x64.ActiveCfg = Debug|x64
		{4438DEEB-6340-4AFE-9286-EC8A7AFE6EB9}.Debug|x64.Build.0 = Debug|x64
		{4438DEEB-6340-4AFE-9286-EC8A7AFE6EB9}.Debug|x86.ActiveCfg = Debug|Win32
		{4438DEEB-6340-4AFE-9286-EC8A7AFE6EB9}.Debug|x86.Build.0 = Debug|Win32
		{4438DEEB-6340-4AFE-9286-EC8A7AFE6EB9}.Release|x64.ActiveCfg = Release|x64
		{4438DEEB-6340-4AFE-9286-EC8A7AFE6EB9}.Release|x64.Build.0 = Release|x64
		{4438DEEB-6340-4AFE-9286-EC8A7AFE6EB9}.Release|x86.ActiveCfg = Release|Win32
		{4438DEEB-6340-4AFE-9286-EC8A7AFE6EB9}.Release|x86.Build.0 = Release|Win32
		{8D649081-6073-4650-BFAB-87DCAA5EC007}.Debug|x64.ActiveCfg = Debug|x64
		{8D649081-6073-4650-BFAB-87DCAA5EC007}.Debug|x64.Build.0 = Debug|x64
		{8D649081-6073-4650-BFAB-87DCAA5EC007}.Debug|x86.ActiveCfg = Debug|Win32
		{8D649081-6073-4650-BFAB-87DCAA5EC007}.Debug|x86.Build.0 = Debug|Win32
		{8D649081-6073-4650-BFAB-87DCAA5EC007}.Release|x64.ActiveCfg = Release|x64
		{8D649081-6073-4650-BFAB-87DCAA5EC007}.Release|x64.Build.0 = Release|x64
		{8D649081-6073-4650-BFAB-87DCAA5EC007}.Release|x86.ActiveCfg = Release|Win32
		{8D649081-6073-4650-BFAB-87DCAA5EC007}.Release|x86.Build.0 = Release|Win32
		{96B62B63-D355-4F18-9256-3DA239269F4C}.Debug|x64.ActiveCfg = Debug|x64
		{96B62B63-D355-4F18-9256-3DA239269F4C}.Debug|x64.Build.0 = Debug|x64
		{96B62B63-D355-4F18-9256-3DA239269F4C}.Debug|x86.ActiveCfg = Debug|Win32
		{96B62B63-D355-4F18-9256-3DA239269F4C}.Debug|x86.Build.0 = Debug|Win32
		{96B62B63-D355-4F18-9256-3DA239269F4C}.Release|x64.ActiveCfg = Release|x64
		{96B62B63-D355-4F18-9256-3DA239269F4C}.Release|x64.Build.0 = Release|x64
		{96B62B63-D355-4F18-9256-3DA239269F4C}.Release|x86.ActiveCfg = Release|Win32
		{96B62B63-D355-4F18-9256-3DA239269F4C}.Release|x86.Build.0 = Release|Win32
		{DC200EF0-ABB0-4CD1-B888-6B7128D12997}.Debug|x64.ActiveCfg = Debug|x64
		{DC200EF0-ABB0-4CD1-B888-6B7128D12997}.Debug|x64.Build.0 = Debug|x64
		{DC200EF0-ABB0-4CD1-B888-6B7128D12997}.Debug|x86.ActiveCfg = Debug|Win32
		{DC200EF0-ABB0-4CD1-B888-6B7128D12997}.Debug|x86.Build.0 = Debug|Win32
		{DC200EF0-ABB0-4CD1-B888-6B7128D12997}.Release|x64.ActiveCfg = Release|x64
		{DC200EF0-ABB0-4CD1-B888-6B7128D12997}.Release|x64.Build.0 = Release|x64
		{DC200EF0-ABB0-4CD1-B888-6B7128D12997}.Release|x86.ActiveCfg = Release|Win32
		{DC200EF0-ABB0-4CD1-B888-6B7128D12997}.Release|x86.Build.0 = Release|Win32
	EndGlobalSection
	GlobalSection(SolutionProperties) = preSolution
		HideSolutionNode = FALSE
	EndGlobalSection
EndGlobal
